
Microsoft Visual Studio Solution File, Format Version 12.00
# Visual Studio Version 16
VisualStudioVersion = 25.0.1706.5
MinimumVisualStudioVersion = 10.0.40219.1
Project("{FAE04EC0-301F-11D3-BF4B-00C04F79EFBC}") = "service", "service.csproj", "{666393D4-F47A-4A95-A0E5-8104AAC42BEA}"
EndProject
Global
	GlobalSection(SolutionConfigurationPlatforms) = preSolution
		Debug|Any CPU = Debug|Any CPU
		Release|Any CPU = Release|Any CPU
	EndGlobalSection
	GlobalSection(ProjectConfigurationPlatforms) = postSolution
		{666393D4-F47A-4A95-A0E5-8104AAC42BEA}.Debug|Any CPU.ActiveCfg = Debug|Any CPU
		{666393D4-F47A-4A95-A0E5-8104AAC42BEA}.Debug|Any CPU.Build.0 = Debug|Any CPU
		{666393D4-F47A-4A95-A0E5-8104AAC42BEA}.Release|Any CPU.ActiveCfg = Release|Any CPU
		{666393D4-F47A-4A95-A0E5-8104AAC42BEA}.Release|Any CPU.Build.0 = Release|Any CPU
	EndGlobalSection
	GlobalSection(SolutionProperties) = preSolution
		HideSolutionNode = FALSE
	EndGlobalSection
	GlobalSection(ExtensibilityGlobals) = postSolution
		SolutionGuid = {477AD2A1-B5E3-4512-8A2A-DF1319987AED}
	EndGlobalSection
EndGlobal
